{
  "name": "mjb-adhd-site",
  "lockfileVersion": 3,
  "requires": true,
  "packages": {
    "": {
      "name": "mjb-adhd-site",
      "dependencies": {
        "turndown": "^7.2.0",
        "turndown-plugin-gfm": "^1.0.2"
      },
      "devDependencies": {
        "@netlify/edge-functions": "^4.0.2"
      }
    },
    "node_modules/@mixmark-io/domino": {
      "version": "2.2.0",
      "resolved": "https://registry.npmjs.org/@mixmark-io/domino/-/domino-2.2.0.tgz",
      "integrity": "sha512-Y28PR25bHXUg88kCV7nivXrP2Nj2RueZ3/l/jdx6J9f8J4nsEGcgX0Qe6lt7Pa+J79+kPiJU3LguR6O/6zrLOw==",
      "license": "BSD-2-Clause"
    },
    "node_modules/@netlify/edge-functions": {
      "version": "4.0.2",
      "resolved": "https://registry.npmjs.org/@netlify/edge-functions/-/edge-functions-4.0.2.tgz",
      "integrity": "sha512-DQflkwaC3greGAAZ9v2wE5PU0qkXMeC7xhRnF/8DEGCjWaVLt/uf48nqDkyCxLG84GYMSQSmlMs+O4wPf+FqPw==",
      "dev": true,
      "license": "MIT",
      "dependencies": {
        "@netlify/types": "3.2.0"
      },
      "engines": {
        "node": ">=22.12.0"
      }
    },
    "node_modules/@netlify/types": {
      "version": "3.2.0",
      "resolved": "https://registry.npmjs.org/@netlify/types/-/types-3.2.0.tgz",
      "integrity": "sha512-PVvY1EEN9i2Er0LQoiyNG7i/BnwnttLuZqIkBnhL2Jrcj3P5N/NcGkv1i20MJ2ngNGSPQcT7tagDmF3V6BsdWg==",
      "dev": true,
      "license": "MIT",
      "engines": {
        "node": ">=22.12.0"
      }
    },
    "node_modules/turndown": {
      "version": "7.2.4",
      "resolved": "https://registry.npmjs.org/turndown/-/turndown-7.2.4.tgz",
      "integrity": "sha512-I8yFsfRzmzK0WV1pNNOA4A7y4RDfFxPRxb3t+e3ui14qSGOxGtiSP6GjeX+Y6CHb7HYaFj7ECUD7VE5kQMZWGQ==",
      "license": "MIT",
      "dependencies": {
        "@mixmark-io/domino": "^2.2.0"
      },
      "engines": {
        "node": ">=18",
        "npm": ">=9"
      }
    },
    "node_modules/turndown-plugin-gfm": {
      "version": "1.0.2",
      "resolved": "https://registry.npmjs.org/turndown-plugin-gfm/-/turndown-plugin-gfm-1.0.2.tgz",
      "integrity": "sha512-vwz9tfvF7XN/jE0dGoBei3FXWuvll78ohzCZQuOb+ZjWrs3a0XhQVomJEb2Qh4VHTPNRO4GPZh0V7VRbiWwkRg==",
      "license": "MIT"
    }
  }
}
